
Microsoft Visual Studio Solution File, Format Version 12.00
# Visual Studio Version 16
VisualStudioVersion = 16.0.31613.86
MinimumVisualStudioVersion = 10.0.40219.1
Project("{00D1A9C2-B5F0-4AF3-8072-F6C62B433612}") = "ScciDB", "Scci\ScciDB.sqlproj", "{415B7982-195F-4B4E-B90C-41250D1D1A67}"
EndProject
Project("{00D1A9C2-B5F0-4AF3-8072-F6C62B433612}") = "ScciLog", "ScciLog\ScciLog.sqlproj", "{4A3CA99A-6A08-4D91-A9BC-DDA3C5EB1722}"
EndProject
Global
	GlobalSection(SolutionConfigurationPlatforms) = preSolution
		Debug|Any CPU = Debug|Any CPU
		Release|Any CPU = Release|Any CPU
	EndGlobalSection
	GlobalSection(ProjectConfigurationPlatforms) = postSolution
		{415B7982-195F-4B4E-B90C-41250D1D1A67}.Debug|Any CPU.ActiveCfg = Debug|Any CPU
		{415B7982-195F-4B4E-B90C-41250D1D1A67}.Debug|Any CPU.Build.0 = Debug|Any CPU
		{415B7982-195F-4B4E-B90C-41250D1D1A67}.Debug|Any CPU.Deploy.0 = Debug|Any CPU
		{415B7982-195F-4B4E-B90C-41250D1D1A67}.Release|Any CPU.ActiveCfg = Release|Any CPU
		{415B7982-195F-4B4E-B90C-41250D1D1A67}.Release|Any CPU.Build.0 = Release|Any CPU
		{415B7982-195F-4B4E-B90C-41250D1D1A67}.Release|Any CPU.Deploy.0 = Release|Any CPU
		{4A3CA99A-6A08-4D91-A9BC-DDA3C5EB1722}.Debug|Any CPU.ActiveCfg = Debug|Any CPU
		{4A3CA99A-6A08-4D91-A9BC-DDA3C5EB1722}.Debug|Any CPU.Build.0 = Debug|Any CPU
		{4A3CA99A-6A08-4D91-A9BC-DDA3C5EB1722}.Debug|Any CPU.Deploy.0 = Debug|Any CPU
		{4A3CA99A-6A08-4D91-A9BC-DDA3C5EB1722}.Release|Any CPU.ActiveCfg = Release|Any CPU
		{4A3CA99A-6A08-4D91-A9BC-DDA3C5EB1722}.Release|Any CPU.Build.0 = Release|Any CPU
		{4A3CA99A-6A08-4D91-A9BC-DDA3C5EB1722}.Release|Any CPU.Deploy.0 = Release|Any CPU
	EndGlobalSection
	GlobalSection(SolutionProperties) = preSolution
		HideSolutionNode = FALSE
	EndGlobalSection
	GlobalSection(ExtensibilityGlobals) = postSolution
		SolutionGuid = {CFA2DD87-21B4-4C13-AB27-20288C3BC105}
	EndGlobalSection
EndGlobal
