
Microsoft Visual Studio Solution File, Format Version 12.00
# Visual Studio Version 17
VisualStudioVersion = 17.0.31612.314
MinimumVisualStudioVersion = 10.0.40219.1
Project("{FAE04EC0-301F-11D3-BF4B-00C04F79EFBC}") = "NotificationWebSvc", "NotificationWebSvc.csproj", "{ECF077AC-E195-4636-8480-DAD8562A1AEA}"
EndProject
Global
	GlobalSection(SolutionConfigurationPlatforms) = preSolution
		Debug|Any CPU = Debug|Any CPU
		Release|Any CPU = Release|Any CPU
	EndGlobalSection
	GlobalSection(ProjectConfigurationPlatforms) = postSolution
		{ECF077AC-E195-4636-8480-DAD8562A1AEA}.Debug|Any CPU.ActiveCfg = Debug|Any CPU
		{ECF077AC-E195-4636-8480-DAD8562A1AEA}.Debug|Any CPU.Build.0 = Debug|Any CPU
		{ECF077AC-E195-4636-8480-DAD8562A1AEA}.Release|Any CPU.ActiveCfg = Release|Any CPU
		{ECF077AC-E195-4636-8480-DAD8562A1AEA}.Release|Any CPU.Build.0 = Release|Any CPU
	EndGlobalSection
	GlobalSection(SolutionProperties) = preSolution
		HideSolutionNode = FALSE
	EndGlobalSection
	GlobalSection(ExtensibilityGlobals) = postSolution
		SolutionGuid = {A78863FC-E787-4991-8799-FE94D5AD98CB}
	EndGlobalSection
EndGlobal
