
Microsoft Visual Studio Solution File, Format Version 12.00
# Visual Studio Version 17
VisualStudioVersion = 17.0.31612.314
MinimumVisualStudioVersion = 10.0.40219.1
Project("{FAE04EC0-301F-11D3-BF4B-00C04F79EFBC}") = "WsSCCI", "WsSCCI.csproj", "{0C29F640-B87A-44E0-8587-EC71F4178225}"
EndProject
Global
	GlobalSection(SolutionConfigurationPlatforms) = preSolution
		Debug|Any CPU = Debug|Any CPU
		Release|Any CPU = Release|Any CPU
	EndGlobalSection
	GlobalSection(ProjectConfigurationPlatforms) = postSolution
		{0C29F640-B87A-44E0-8587-EC71F4178225}.Debug|Any CPU.ActiveCfg = Debug|Any CPU
		{0C29F640-B87A-44E0-8587-EC71F4178225}.Debug|Any CPU.Build.0 = Debug|Any CPU
		{0C29F640-B87A-44E0-8587-EC71F4178225}.Release|Any CPU.ActiveCfg = Release|Any CPU
		{0C29F640-B87A-44E0-8587-EC71F4178225}.Release|Any CPU.Build.0 = Release|Any CPU
	EndGlobalSection
	GlobalSection(SolutionProperties) = preSolution
		HideSolutionNode = FALSE
	EndGlobalSection
	GlobalSection(ExtensibilityGlobals) = postSolution
		SolutionGuid = {0D174CAE-3D1E-4C89-A640-F3DC23D7F2C6}
	EndGlobalSection
EndGlobal
